# This file is automatically @generated by Cargo.
# It is not intended for manual editing.
version = 3

[[package]]
name = "sure-check"
version = "0.2.0"
dependencies = [
 "sure-fmc",
 "sure-syntax",
]

[[package]]
name = "sure-emit"
version = "0.2.0"
dependencies = [
 "sure-fmc",
]

[[package]]
name = "sure-fmc"
version = "0.2.0"

[[package]]
name = "sure-syntax"
version = "0.2.0"

[[package]]
name = "surec"
version = "0.2.0"
dependencies = [
 "sure-check",
 "sure-emit",
 "sure-fmc",
 "sure-syntax",
]
